<?xml version="1.0" encoding="UTF-8"?>
<CONFIG>
  <ProjectOptions>
    <Version Value="11"/>
    <General>
      <Flags>
        <MainUnitHasUsesSectionForAllUnits Value="False"/>
        <MainUnitHasCreateFormStatements Value="False"/>
        <MainUnitHasTitleStatement Value="False"/>
        <LRSInOutputDirectory Value="False"/>
      </Flags>
      <SessionStorage Value="InIDEConfig"/>
      <MainUnit Value="0"/>
      <Title Value="Rescue_Island"/>
    </General>
    <BuildModes Count="1">
      <Item1 Name="default" Default="True"/>
    </BuildModes>
    <PublishOptions>
      <Version Value="2"/>
    </PublishOptions>
    <RunParams>
      <FormatVersion Value="2"/>
      <Modes Count="1">
        <Mode0 Name="default"/>
      </Modes>
    </RunParams>
    <RequiredPackages Count="4">
      <Item1>
        <PackageName Value="FCL"/>
      </Item1>
      <Item2>
        <PackageName Value="castle_components"/>
      </Item2>
      <Item3>
        <PackageName Value="castle_window"/>
      </Item3>
      <Item4>
        <PackageName Value="castle_base"/>
      </Item4>
    </RequiredPackages>
    <Units Count="1">
      <Unit0>
        <Filename Value="Rescue_Island.pas"/>
        <IsPartOfProject Value="True"/>
      </Unit0>
    </Units>
  </ProjectOptions>
  <CompilerOptions>
    <Version Value="11"/>
    <Other>
      <Verbosity>
        <ShowHints Value="False"/>
      </Verbosity>
    </Other>
  </CompilerOptions>
</CONFIG>
